// !$*UTF8*$!
{
	archiveVersion = 1;
	classes = {
	};
	objectVersion = 46;
	objects = {

/* Begin PBXBuildFile section */
		187AE7671CACB81300CFDF55 /* main.m in Sources */ = {isa = PBXBuildFile; fileRef = 187AE7661CACB81300CFDF55 /* main.m */; };
		187AE76A1CACB81300CFDF55 /* AppDelegate.m in Sources */ = {isa = PBXBuildFile; fileRef = 187AE7691CACB81300CFDF55 /* AppDelegate.m */; };
		187AE76D1CACB81300CFDF55 /* ViewController.m in Sources */ = {isa = PBXBuildFile; fileRef = 187AE76C1CACB81300CFDF55 /* ViewController.m */; };
		187AE7701CACB81300CFDF55 /* Main.storyboard in Resources */ = {isa = PBXBuildFile; fileRef = 187AE76E1CACB81300CFDF55 /* Main.storyboard */; };
		187AE7721CACB81300CFDF55 /* Assets.xcassets in Resources */ = {isa = PBXBuildFile; fileRef = 187AE7711CACB81300CFDF55 /* Assets.xcassets */; };
		187AE7751CACB81300CFDF55 /* LaunchScreen.storyboard in Resources */ = {isa = PBXBuildFile; fileRef = 187AE7731CACB81300CFDF55 /* LaunchScreen.storyboard */; };
		187AE78C1CACD9D300CFDF55 /* emoji.plist in Resources */ = {isa = PBXBuildFile; fileRef = 187AE78B1CACD9D300CFDF55 /* emoji.plist */; };
		187AEAEA1CAE60A200CFDF55 /* d_aini@2x.png in Resources */ = {isa = PBXBuildFile; fileRef = 187AEABB1CAE60A200CFDF55 /* d_aini@2x.png */; };
		187AEAEB1CAE60A200CFDF55 /* d_aini@3x.png in Resources */ = {isa = PBXBuildFile; fileRef = 187AEABC1CAE60A200CFDF55 /* d_aini@3x.png */; };
		187AEAEC1CAE60A200CFDF55 /* d_baibai@2x.png in Resources */ = {isa = PBXBuildFile; fileRef = 187AEABD1CAE60A200CFDF55 /* d_baibai@2x.png */; };
		187AEAED1CAE60A200CFDF55 /* d_baibai@3x.png in Resources */ = {isa = PBXBuildFile; fileRef = 187AEABE1CAE60A200CFDF55 /* d_baibai@3x.png */; };
		187AEAEE1CAE60A200CFDF55 /* d_beishang@2x.png in Resources */ = {isa = PBXBuildFile; fileRef = 187AEABF1CAE60A200CFDF55 /* d_beishang@2x.png */; };
		187AEAEF1CAE60A200CFDF55 /* d_beishang@3x.png in Resources */ = {isa = PBXBuildFile; fileRef = 187AEAC01CAE60A200CFDF55 /* d_beishang@3x.png */; };
		187AEAF01CAE60A200CFDF55 /* d_bishi@2x.png in Resources */ = {isa = PBXBuildFile; fileRef = 187AEAC11CAE60A200CFDF55 /* d_bishi@2x.png */; };
		187AEAF11CAE60A200CFDF55 /* d_bishi@3x.png in Resources */ = {isa = PBXBuildFile; fileRef = 187AEAC21CAE60A200CFDF55 /* d_bishi@3x.png */; };
		187AEAF21CAE60A200CFDF55 /* d_bizui@2x.png in Resources */ = {isa = PBXBuildFile; fileRef = 187AEAC31CAE60A200CFDF55 /* d_bizui@2x.png */; };
		187AEAF31CAE60A200CFDF55 /* d_bizui@3x.png in Resources */ = {isa = PBXBuildFile; fileRef = 187AEAC41CAE60A200CFDF55 /* d_bizui@3x.png */; };
		187AEAF41CAE60A200CFDF55 /* d_chanzui@2x.png in Resources */ = {isa = PBXBuildFile; fileRef = 187AEAC51CAE60A200CFDF55 /* d_chanzui@2x.png */; };
		187AEAF51CAE60A200CFDF55 /* d_chanzui@3x.png in Resources */ = {isa = PBXBuildFile; fileRef = 187AEAC61CAE60A200CFDF55 /* d_chanzui@3x.png */; };
		187AEAF61CAE60A200CFDF55 /* d_chijing@2x.png in Resources */ = {isa = PBXBuildFile; fileRef = 187AEAC71CAE60A200CFDF55 /* d_chijing@2x.png */; };
		187AEAF71CAE60A200CFDF55 /* d_chijing@3x.png in Resources */ = {isa = PBXBuildFile; fileRef = 187AEAC81CAE60A200CFDF55 /* d_chijing@3x.png */; };
		187AEAF81CAE60A200CFDF55 /* d_dahaqi@2x.png in Resources */ = {isa = PBXBuildFile; fileRef = 187AEAC91CAE60A200CFDF55 /* d_dahaqi@2x.png */; };
		187AEAF91CAE60A200CFDF55 /* d_dahaqi@3x.png in Resources */ = {isa = PBXBuildFile; fileRef = 187AEACA1CAE60A200CFDF55 /* d_dahaqi@3x.png */; };
		187AEAFA1CAE60A200CFDF55 /* d_dalian@2x.png in Resources */ = {isa = PBXBuildFile; fileRef = 187AEACB1CAE60A200CFDF55 /* d_dalian@2x.png */; };
		187AEAFB1CAE60A200CFDF55 /* d_dalian@3x.png in Resources */ = {isa = PBXBuildFile; fileRef = 187AEACC1CAE60A200CFDF55 /* d_dalian@3x.png */; };
		187AEAFC1CAE60A200CFDF55 /* d_ganmao@2x.png in Resources */ = {isa = PBXBuildFile; fileRef = 187AEACD1CAE60A200CFDF55 /* d_ganmao@2x.png */; };
		187AEAFD1CAE60A200CFDF55 /* d_ganmao@3x.png in Resources */ = {isa = PBXBuildFile; fileRef = 187AEACE1CAE60A200CFDF55 /* d_ganmao@3x.png */; };
		187AEAFE1CAE60A200CFDF55 /* d_guzhang@2x.png in Resources */ = {isa = PBXBuildFile; fileRef = 187AEACF1CAE60A200CFDF55 /* d_guzhang@2x.png */; };
		187AEAFF1CAE60A200CFDF55 /* d_guzhang@3x.png in Resources */ = {isa = PBXBuildFile; fileRef = 187AEAD01CAE60A200CFDF55 /* d_guzhang@3x.png */; };
		187AEB001CAE60A200CFDF55 /* d_haha@2x.png in Resources */ = {isa = PBXBuildFile; fileRef = 187AEAD11CAE60A200CFDF55 /* d_haha@2x.png */; };
		187AEB011CAE60A200CFDF55 /* d_haixiu@2x.png in Resources */ = {isa = PBXBuildFile; fileRef = 187AEAD21CAE60A200CFDF55 /* d_haixiu@2x.png */; };
		187AEB021CAE60A200CFDF55 /* d_haixiu@3x.png in Resources */ = {isa = PBXBuildFile; fileRef = 187AEAD31CAE60A200CFDF55 /* d_haixiu@3x.png */; };
		187AEB031CAE60A200CFDF55 /* d_han@2x.png in Resources */ = {isa = PBXBuildFile; fileRef = 187AEAD41CAE60A200CFDF55 /* d_han@2x.png */; };
		187AEB041CAE60A200CFDF55 /* d_han@3x.png in Resources */ = {isa = PBXBuildFile; fileRef = 187AEAD51CAE60A200CFDF55 /* d_han@3x.png */; };
		187AEB051CAE60A200CFDF55 /* d_hehe@2x.png in Resources */ = {isa = PBXBuildFile; fileRef = 187AEAD61CAE60A200CFDF55 /* d_hehe@2x.png */; };
		187AEB061CAE60A200CFDF55 /* d_hehe@3x.png in Resources */ = {isa = PBXBuildFile; fileRef = 187AEAD71CAE60A200CFDF55 /* d_hehe@3x.png */; };
		187AEB071CAE60A200CFDF55 /* d_heixian@2x.png in Resources */ = {isa = PBXBuildFile; fileRef = 187AEAD81CAE60A200CFDF55 /* d_heixian@2x.png */; };
		187AEB081CAE60A200CFDF55 /* d_heixian@3x.png in Resources */ = {isa = PBXBuildFile; fileRef = 187AEAD91CAE60A200CFDF55 /* d_heixian@3x.png */; };
		187AEB091CAE60A200CFDF55 /* d_heng@2x.png in Resources */ = {isa = PBXBuildFile; fileRef = 187AEADA1CAE60A200CFDF55 /* d_heng@2x.png */; };
		187AEB0A1CAE60A200CFDF55 /* d_heng@3x.png in Resources */ = {isa = PBXBuildFile; fileRef = 187AEADB1CAE60A200CFDF55 /* d_heng@3x.png */; };
		187AEB0B1CAE60A200CFDF55 /* d_huaxin@2x.png in Resources */ = {isa = PBXBuildFile; fileRef = 187AEADC1CAE60A200CFDF55 /* d_huaxin@2x.png */; };
		187AEB0C1CAE60A200CFDF55 /* d_huaxin@3x.png in Resources */ = {isa = PBXBuildFile; fileRef = 187AEADD1CAE60A200CFDF55 /* d_huaxin@3x.png */; };
		187AEB0D1CAE60A200CFDF55 /* d_jiyan@2x.png in Resources */ = {isa = PBXBuildFile; fileRef = 187AEADE1CAE60A200CFDF55 /* d_jiyan@2x.png */; };
		187AEB0E1CAE60A200CFDF55 /* d_jiyan@3x.png in Resources */ = {isa = PBXBuildFile; fileRef = 187AEADF1CAE60A200CFDF55 /* d_jiyan@3x.png */; };
		187AEB0F1CAE60A200CFDF55 /* d_keai@2x.png in Resources */ = {isa = PBXBuildFile; fileRef = 187AEAE01CAE60A200CFDF55 /* d_keai@2x.png */; };
		187AEB101CAE60A200CFDF55 /* d_keai@3x.png in Resources */ = {isa = PBXBuildFile; fileRef = 187AEAE11CAE60A200CFDF55 /* d_keai@3x.png */; };
		187AEB111CAE60A200CFDF55 /* d_kelian@2x.png in Resources */ = {isa = PBXBuildFile; fileRef = 187AEAE21CAE60A200CFDF55 /* d_kelian@2x.png */; };
		187AEB121CAE60A200CFDF55 /* d_kelian@3x.png in Resources */ = {isa = PBXBuildFile; fileRef = 187AEAE31CAE60A200CFDF55 /* d_kelian@3x.png */; };
		187AEB131CAE60A200CFDF55 /* d_ku@2x.png in Resources */ = {isa = PBXBuildFile; fileRef = 187AEAE41CAE60A200CFDF55 /* d_ku@2x.png */; };
		187AEB141CAE60A200CFDF55 /* d_ku@3x.png in Resources */ = {isa = PBXBuildFile; fileRef = 187AEAE51CAE60A200CFDF55 /* d_ku@3x.png */; };
		187AEB151CAE60A200CFDF55 /* d_kun@2x.png in Resources */ = {isa = PBXBuildFile; fileRef = 187AEAE61CAE60A200CFDF55 /* d_kun@2x.png */; };
		187AEB161CAE60A200CFDF55 /* d_kun@3x.png in Resources */ = {isa = PBXBuildFile; fileRef = 187AEAE71CAE60A200CFDF55 /* d_kun@3x.png */; };
		187AEB171CAE60A200CFDF55 /* d_landelini@2x.png in Resources */ = {isa = PBXBuildFile; fileRef = 187AEAE81CAE60A200CFDF55 /* d_landelini@2x.png */; };
		187AEB181CAE60A200CFDF55 /* d_landelini@3x.png in Resources */ = {isa = PBXBuildFile; fileRef = 187AEAE91CAE60A200CFDF55 /* d_landelini@3x.png */; };
		187AEB1E1CAE7D1400CFDF55 /* ShowViewController.m in Sources */ = {isa = PBXBuildFile; fileRef = 187AEB1D1CAE7D1400CFDF55 /* ShowViewController.m */; };
		187AEB211CAE7D2200CFDF55 /* ShowTableViewViewController.m in Sources */ = {isa = PBXBuildFile; fileRef = 187AEB201CAE7D2200CFDF55 /* ShowTableViewViewController.m */; };
		C06D59481CAFB905004C41EE /* CTTextDisplayView.m in Sources */ = {isa = PBXBuildFile; fileRef = C06D59431CAFB905004C41EE /* CTTextDisplayView.m */; };
		C06D59491CAFB905004C41EE /* CTTextEmojiUtil.m in Sources */ = {isa = PBXBuildFile; fileRef = C06D59451CAFB905004C41EE /* CTTextEmojiUtil.m */; };
		C06D594A1CAFB905004C41EE /* CTTextRun.m in Sources */ = {isa = PBXBuildFile; fileRef = C06D59471CAFB905004C41EE /* CTTextRun.m */; };
/* End PBXBuildFile section */

/* Begin PBXFileReference section */
		187AE7621CACB81300CFDF55 /* CoreTextDemo01.app */ = {isa = PBXFileReference; explicitFileType = wrapper.application; includeInIndex = 0; path = CoreTextDemo01.app; sourceTree = BUILT_PRODUCTS_DIR; };
		187AE7661CACB81300CFDF55 /* main.m */ = {isa = PBXFileReference; lastKnownFileType = sourcecode.c.objc; path = main.m; sourceTree = "<group>"; };
		187AE7681CACB81300CFDF55 /* AppDelegate.h */ = {isa = PBXFileReference; lastKnownFileType = sourcecode.c.h; path = AppDelegate.h; sourceTree = "<group>"; };
		187AE7691CACB81300CFDF55 /* AppDelegate.m */ = {isa = PBXFileReference; lastKnownFileType = sourcecode.c.objc; path = AppDelegate.m; sourceTree = "<group>"; };
		187AE76B1CACB81300CFDF55 /* ViewController.h */ = {isa = PBXFileReference; lastKnownFileType = sourcecode.c.h; path = ViewController.h; sourceTree = "<group>"; };
		187AE76C1CACB81300CFDF55 /* ViewController.m */ = {isa = PBXFileReference; lastKnownFileType = sourcecode.c.objc; path = ViewController.m; sourceTree = "<group>"; };
		187AE76F1CACB81300CFDF55 /* Base */ = {isa = PBXFileReference; lastKnownFileType = file.storyboard; name = Base; path = Base.lproj/Main.storyboard; sourceTree = "<group>"; };
		187AE7711CACB81300CFDF55 /* Assets.xcassets */ = {isa = PBXFileReference; lastKnownFileType = folder.assetcatalog; path = Assets.xcassets; sourceTree = "<group>"; };
		187AE7741CACB81300CFDF55 /* Base */ = {isa = PBXFileReference; lastKnownFileType = file.storyboard; name = Base; path = Base.lproj/LaunchScreen.storyboard; sourceTree = "<group>"; };
		187AE7761CACB81300CFDF55 /* Info.plist */ = {isa = PBXFileReference; lastKnownFileType = text.plist.xml; path = Info.plist; sourceTree = "<group>"; };
		187AE78B1CACD9D300CFDF55 /* emoji.plist */ = {isa = PBXFileReference; fileEncoding = 4; lastKnownFileType = text.plist.xml; path = emoji.plist; sourceTree = "<group>"; };
		187AEABB1CAE60A200CFDF55 /* d_aini@2x.png */ = {isa = PBXFileReference; lastKnownFileType = image.png; path = "d_aini@2x.png"; sourceTree = "<group>"; };
		187AEABC1CAE60A200CFDF55 /* d_aini@3x.png */ = {isa = PBXFileReference; lastKnownFileType = image.png; path = "d_aini@3x.png"; sourceTree = "<group>"; };
		187AEABD1CAE60A200CFDF55 /* d_baibai@2x.png */ = {isa = PBXFileReference; lastKnownFileType = image.png; path = "d_baibai@2x.png"; sourceTree = "<group>"; };
		187AEABE1CAE60A200CFDF55 /* d_baibai@3x.png */ = {isa = PBXFileReference; lastKnownFileType = image.png; path = "d_baibai@3x.png"; sourceTree = "<group>"; };
		187AEABF1CAE60A200CFDF55 /* d_beishang@2x.png */ = {isa = PBXFileReference; lastKnownFileType = image.png; path = "d_beishang@2x.png"; sourceTree = "<group>"; };
		187AEAC01CAE60A200CFDF55 /* d_beishang@3x.png */ = {isa = PBXFileReference; lastKnownFileType = image.png; path = "d_beishang@3x.png"; sourceTree = "<group>"; };
		187AEAC11CAE60A200CFDF55 /* d_bishi@2x.png */ = {isa = PBXFileReference; lastKnownFileType = image.png; path = "d_bishi@2x.png"; sourceTree = "<group>"; };
		187AEAC21CAE60A200CFDF55 /* d_bishi@3x.png */ = {isa = PBXFileReference; lastKnownFileType = image.png; path = "d_bishi@3x.png"; sourceTree = "<group>"; };
		187AEAC31CAE60A200CFDF55 /* d_bizui@2x.png */ = {isa = PBXFileReference; lastKnownFileType = image.png; path = "d_bizui@2x.png"; sourceTree = "<group>"; };
		187AEAC41CAE60A200CFDF55 /* d_bizui@3x.png */ = {isa = PBXFileReference; lastKnownFileType = image.png; path = "d_bizui@3x.png"; sourceTree = "<group>"; };
		187AEAC51CAE60A200CFDF55 /* d_chanzui@2x.png */ = {isa = PBXFileReference; lastKnownFileType = image.png; path = "d_chanzui@2x.png"; sourceTree = "<group>"; };
		187AEAC61CAE60A200CFDF55 /* d_chanzui@3x.png */ = {isa = PBXFileReference; lastKnownFileType = image.png; path = "d_chanzui@3x.png"; sourceTree = "<group>"; };
		187AEAC71CAE60A200CFDF55 /* d_chijing@2x.png */ = {isa = PBXFileReference; lastKnownFileType = image.png; path = "d_chijing@2x.png"; sourceTree = "<group>"; };
		187AEAC81CAE60A200CFDF55 /* d_chijing@3x.png */ = {isa = PBXFileReference; lastKnownFileType = image.png; path = "d_chijing@3x.png"; sourceTree = "<group>"; };
		187AEAC91CAE60A200CFDF55 /* d_dahaqi@2x.png */ = {isa = PBXFileReference; lastKnownFileType = image.png; path = "d_dahaqi@2x.png"; sourceTree = "<group>"; };
		187AEACA1CAE60A200CFDF55 /* d_dahaqi@3x.png */ = {isa = PBXFileReference; lastKnownFileType = image.png; path = "d_dahaqi@3x.png"; sourceTree = "<group>"; };
		187AEACB1CAE60A200CFDF55 /* d_dalian@2x.png */ = {isa = PBXFileReference; lastKnownFileType = image.png; path = "d_dalian@2x.png"; sourceTree = "<group>"; };
		187AEACC1CAE60A200CFDF55 /* d_dalian@3x.png */ = {isa = PBXFileReference; lastKnownFileType = image.png; path = "d_dalian@3x.png"; sourceTree = "<group>"; };
		187AEACD1CAE60A200CFDF55 /* d_ganmao@2x.png */ = {isa = PBXFileReference; lastKnownFileType = image.png; path = "d_ganmao@2x.png"; sourceTree = "<group>"; };
		187AEACE1CAE60A200CFDF55 /* d_ganmao@3x.png */ = {isa = PBXFileReference; lastKnownFileType = image.png; path = "d_ganmao@3x.png"; sourceTree = "<group>"; };
		187AEACF1CAE60A200CFDF55 /* d_guzhang@2x.png */ = {isa = PBXFileReference; lastKnownFileType = image.png; path = "d_guzhang@2x.png"; sourceTree = "<group>"; };
		187AEAD01CAE60A200CFDF55 /* d_guzhang@3x.png */ = {isa = PBXFileReference; lastKnownFileType = image.png; path = "d_guzhang@3x.png"; sourceTree = "<group>"; };
		187AEAD11CAE60A200CFDF55 /* d_haha@2x.png */ = {isa = PBXFileReference; lastKnownFileType = image.png; path = "d_haha@2x.png"; sourceTree = "<group>"; };
		187AEAD21CAE60A200CFDF55 /* d_haixiu@2x.png */ = {isa = PBXFileReference; lastKnownFileType = image.png; path = "d_haixiu@2x.png"; sourceTree = "<group>"; };
		187AEAD31CAE60A200CFDF55 /* d_haixiu@3x.png */ = {isa = PBXFileReference; lastKnownFileType = image.png; path = "d_haixiu@3x.png"; sourceTree = "<group>"; };
		187AEAD41CAE60A200CFDF55 /* d_han@2x.png */ = {isa = PBXFileReference; lastKnownFileType = image.png; path = "d_han@2x.png"; sourceTree = "<group>"; };
		187AEAD51CAE60A200CFDF55 /* d_han@3x.png */ = {isa = PBXFileReference; lastKnownFileType = image.png; path = "d_han@3x.png"; sourceTree = "<group>"; };
		187AEAD61CAE60A200CFDF55 /* d_hehe@2x.png */ = {isa = PBXFileReference; lastKnownFileType = image.png; path = "d_hehe@2x.png"; sourceTree = "<group>"; };
		187AEAD71CAE60A200CFDF55 /* d_hehe@3x.png */ = {isa = PBXFileReference; lastKnownFileType = image.png; path = "d_hehe@3x.png"; sourceTree = "<group>"; };
		187AEAD81CAE60A200CFDF55 /* d_heixian@2x.png */ = {isa = PBXFileReference; lastKnownFileType = image.png; path = "d_heixian@2x.png"; sourceTree = "<group>"; };
		187AEAD91CAE60A200CFDF55 /* d_heixian@3x.png */ = {isa = PBXFileReference; lastKnownFileType = image.png; path = "d_heixian@3x.png"; sourceTree = "<group>"; };
		187AEADA1CAE60A200CFDF55 /* d_heng@2x.png */ = {isa = PBXFileReference; lastKnownFileType = image.png; path = "d_heng@2x.png"; sourceTree = "<group>"; };
		187AEADB1CAE60A200CFDF55 /* d_heng@3x.png */ = {isa = PBXFileReference; lastKnownFileType = image.png; path = "d_heng@3x.png"; sourceTree = "<group>"; };
		187AEADC1CAE60A200CFDF55 /* d_huaxin@2x.png */ = {isa = PBXFileReference; lastKnownFileType = image.png; path = "d_huaxin@2x.png"; sourceTree = "<group>"; };
		187AEADD1CAE60A200CFDF55 /* d_huaxin@3x.png */ = {isa = PBXFileReference; lastKnownFileType = image.png; path = "d_huaxin@3x.png"; sourceTree = "<group>"; };
		187AEADE1CAE60A200CFDF55 /* d_jiyan@2x.png */ = {isa = PBXFileReference; lastKnownFileType = image.png; path = "d_jiyan@2x.png"; sourceTree = "<group>"; };
		187AEADF1CAE60A200CFDF55 /* d_jiyan@3x.png */ = {isa = PBXFileReference; lastKnownFileType = image.png; path = "d_jiyan@3x.png"; sourceTree = "<group>"; };
		187AEAE01CAE60A200CFDF55 /* d_keai@2x.png */ = {isa = PBXFileReference; lastKnownFileType = image.png; path = "d_keai@2x.png"; sourceTree = "<group>"; };
		187AEAE11CAE60A200CFDF55 /* d_keai@3x.png */ = {isa = PBXFileReference; lastKnownFileType = image.png; path = "d_keai@3x.png"; sourceTree = "<group>"; };
		187AEAE21CAE60A200CFDF55 /* d_kelian@2x.png */ = {isa = PBXFileReference; lastKnownFileType = image.png; path = "d_kelian@2x.png"; sourceTree = "<group>"; };
		187AEAE31CAE60A200CFDF55 /* d_kelian@3x.png */ = {isa = PBXFileReference; lastKnownFileType = image.png; path = "d_kelian@3x.png"; sourceTree = "<group>"; };
		187AEAE41CAE60A200CFDF55 /* d_ku@2x.png */ = {isa = PBXFileReference; lastKnownFileType = image.png; path = "d_ku@2x.png"; sourceTree = "<group>"; };
		187AEAE51CAE60A200CFDF55 /* d_ku@3x.png */ = {isa = PBXFileReference; lastKnownFileType = image.png; path = "d_ku@3x.png"; sourceTree = "<group>"; };
		187AEAE61CAE60A200CFDF55 /* d_kun@2x.png */ = {isa = PBXFileReference; lastKnownFileType = image.png; path = "d_kun@2x.png"; sourceTree = "<group>"; };
		187AEAE71CAE60A200CFDF55 /* d_kun@3x.png */ = {isa = PBXFileReference; lastKnownFileType = image.png; path = "d_kun@3x.png"; sourceTree = "<group>"; };
		187AEAE81CAE60A200CFDF55 /* d_landelini@2x.png */ = {isa = PBXFileReference; lastKnownFileType = image.png; path = "d_landelini@2x.png"; sourceTree = "<group>"; };
		187AEAE91CAE60A200CFDF55 /* d_landelini@3x.png */ = {isa = PBXFileReference; lastKnownFileType = image.png; path = "d_landelini@3x.png"; sourceTree = "<group>"; };
		187AEB1C1CAE7D1400CFDF55 /* ShowViewController.h */ = {isa = PBXFileReference; fileEncoding = 4; lastKnownFileType = sourcecode.c.h; path = ShowViewController.h; sourceTree = "<group>"; };
		187AEB1D1CAE7D1400CFDF55 /* ShowViewController.m */ = {isa = PBXFileReference; fileEncoding = 4; lastKnownFileType = sourcecode.c.objc; path = ShowViewController.m; sourceTree = "<group>"; };
		187AEB1F1CAE7D2200CFDF55 /* ShowTableViewViewController.h */ = {isa = PBXFileReference; fileEncoding = 4; lastKnownFileType = sourcecode.c.h; path = ShowTableViewViewController.h; sourceTree = "<group>"; };
		187AEB201CAE7D2200CFDF55 /* ShowTableViewViewController.m */ = {isa = PBXFileReference; fileEncoding = 4; lastKnownFileType = sourcecode.c.objc; path = ShowTableViewViewController.m; sourceTree = "<group>"; };
		C06D59421CAFB905004C41EE /* CTTextDisplayView.h */ = {isa = PBXFileReference; fileEncoding = 4; lastKnownFileType = sourcecode.c.h; path = CTTextDisplayView.h; sourceTree = "<group>"; };
		C06D59431CAFB905004C41EE /* CTTextDisplayView.m */ = {isa = PBXFileReference; fileEncoding = 4; lastKnownFileType = sourcecode.c.objc; path = CTTextDisplayView.m; sourceTree = "<group>"; };
		C06D59441CAFB905004C41EE /* CTTextEmojiUtil.h */ = {isa = PBXFileReference; fileEncoding = 4; lastKnownFileType = sourcecode.c.h; path = CTTextEmojiUtil.h; sourceTree = "<group>"; };
		C06D59451CAFB905004C41EE /* CTTextEmojiUtil.m */ = {isa = PBXFileReference; fileEncoding = 4; lastKnownFileType = sourcecode.c.objc; path = CTTextEmojiUtil.m; sourceTree = "<group>"; };
		C06D59461CAFB905004C41EE /* CTTextRun.h */ = {isa = PBXFileReference; fileEncoding = 4; lastKnownFileType = sourcecode.c.h; path = CTTextRun.h; sourceTree = "<group>"; };
		C06D59471CAFB905004C41EE /* CTTextRun.m */ = {isa = PBXFileReference; fileEncoding = 4; lastKnownFileType = sourcecode.c.objc; path = CTTextRun.m; sourceTree = "<group>"; };
/* End PBXFileReference section */

/* Begin PBXFrameworksBuildPhase section */
		187AE75F1CACB81300CFDF55 /* Frameworks */ = {
			isa = PBXFrameworksBuildPhase;
			buildActionMask = 2147483647;
			files = (
			);
			runOnlyForDeploymentPostprocessing = 0;
		};
/* End PBXFrameworksBuildPhase section */

/* Begin PBXGroup section */
		187AE7591CACB81300CFDF55 = {
			isa = PBXGroup;
			children = (
				C06D59411CAFB905004C41EE /* CTTextDisplayView */,
				187AEABA1CAE60A200CFDF55 /* sina_face */,
				187AE78B1CACD9D300CFDF55 /* emoji.plist */,
				187AE7641CACB81300CFDF55 /* CoreTextDemo01 */,
				187AE7631CACB81300CFDF55 /* Products */,
			);
			sourceTree = "<group>";
		};
		187AE7631CACB81300CFDF55 /* Products */ = {
			isa = PBXGroup;
			children = (
				187AE7621CACB81300CFDF55 /* CoreTextDemo01.app */,
			);
			name = Products;
			sourceTree = "<group>";
		};
		187AE7641CACB81300CFDF55 /* CoreTextDemo01 */ = {
			isa = PBXGroup;
			children = (
				187AE7681CACB81300CFDF55 /* AppDelegate.h */,
				187AE7691CACB81300CFDF55 /* AppDelegate.m */,
				187AE76B1CACB81300CFDF55 /* ViewController.h */,
				187AE76C1CACB81300CFDF55 /* ViewController.m */,
				187AE76E1CACB81300CFDF55 /* Main.storyboard */,
				187AE7711CACB81300CFDF55 /* Assets.xcassets */,
				187AE7731CACB81300CFDF55 /* LaunchScreen.storyboard */,
				187AE7761CACB81300CFDF55 /* Info.plist */,
				187AE7651CACB81300CFDF55 /* Supporting Files */,
				187AEB1C1CAE7D1400CFDF55 /* ShowViewController.h */,
				187AEB1D1CAE7D1400CFDF55 /* ShowViewController.m */,
				187AEB1F1CAE7D2200CFDF55 /* ShowTableViewViewController.h */,
				187AEB201CAE7D2200CFDF55 /* ShowTableViewViewController.m */,
			);
			path = CoreTextDemo01;
			sourceTree = "<group>";
		};
		187AE7651CACB81300CFDF55 /* Supporting Files */ = {
			isa = PBXGroup;
			children = (
				187AE7661CACB81300CFDF55 /* main.m */,
			);
			name = "Supporting Files";
			sourceTree = "<group>";
		};
		187AEABA1CAE60A200CFDF55 /* sina_face */ = {
			isa = PBXGroup;
			children = (
				187AEABB1CAE60A200CFDF55 /* d_aini@2x.png */,
				187AEABC1CAE60A200CFDF55 /* d_aini@3x.png */,
				187AEABD1CAE60A200CFDF55 /* d_baibai@2x.png */,
				187AEABE1CAE60A200CFDF55 /* d_baibai@3x.png */,
				187AEABF1CAE60A200CFDF55 /* d_beishang@2x.png */,
				187AEAC01CAE60A200CFDF55 /* d_beishang@3x.png */,
				187AEAC11CAE60A200CFDF55 /* d_bishi@2x.png */,
				187AEAC21CAE60A200CFDF55 /* d_bishi@3x.png */,
				187AEAC31CAE60A200CFDF55 /* d_bizui@2x.png */,
				187AEAC41CAE60A200CFDF55 /* d_bizui@3x.png */,
				187AEAC51CAE60A200CFDF55 /* d_chanzui@2x.png */,
				187AEAC61CAE60A200CFDF55 /* d_chanzui@3x.png */,
				187AEAC71CAE60A200CFDF55 /* d_chijing@2x.png */,
				187AEAC81CAE60A200CFDF55 /* d_chijing@3x.png */,
				187AEAC91CAE60A200CFDF55 /* d_dahaqi@2x.png */,
				187AEACA1CAE60A200CFDF55 /* d_dahaqi@3x.png */,
				187AEACB1CAE60A200CFDF55 /* d_dalian@2x.png */,
				187AEACC1CAE60A200CFDF55 /* d_dalian@3x.png */,
				187AEACD1CAE60A200CFDF55 /* d_ganmao@2x.png */,
				187AEACE1CAE60A200CFDF55 /* d_ganmao@3x.png */,
				187AEACF1CAE60A200CFDF55 /* d_guzhang@2x.png */,
				187AEAD01CAE60A200CFDF55 /* d_guzhang@3x.png */,
				187AEAD11CAE60A200CFDF55 /* d_haha@2x.png */,
				187AEAD21CAE60A200CFDF55 /* d_haixiu@2x.png */,
				187AEAD31CAE60A200CFDF55 /* d_haixiu@3x.png */,
				187AEAD41CAE60A200CFDF55 /* d_han@2x.png */,
				187AEAD51CAE60A200CFDF55 /* d_han@3x.png */,
				187AEAD61CAE60A200CFDF55 /* d_hehe@2x.png */,
				187AEAD71CAE60A200CFDF55 /* d_hehe@3x.png */,
				187AEAD81CAE60A200CFDF55 /* d_heixian@2x.png */,
				187AEAD91CAE60A200CFDF55 /* d_heixian@3x.png */,
				187AEADA1CAE60A200CFDF55 /* d_heng@2x.png */,
				187AEADB1CAE60A200CFDF55 /* d_heng@3x.png */,
				187AEADC1CAE60A200CFDF55 /* d_huaxin@2x.png */,
				187AEADD1CAE60A200CFDF55 /* d_huaxin@3x.png */,
				187AEADE1CAE60A200CFDF55 /* d_jiyan@2x.png */,
				187AEADF1CAE60A200CFDF55 /* d_jiyan@3x.png */,
				187AEAE01CAE60A200CFDF55 /* d_keai@2x.png */,
				187AEAE11CAE60A200CFDF55 /* d_keai@3x.png */,
				187AEAE21CAE60A200CFDF55 /* d_kelian@2x.png */,
				187AEAE31CAE60A200CFDF55 /* d_kelian@3x.png */,
				187AEAE41CAE60A200CFDF55 /* d_ku@2x.png */,
				187AEAE51CAE60A200CFDF55 /* d_ku@3x.png */,
				187AEAE61CAE60A200CFDF55 /* d_kun@2x.png */,
				187AEAE71CAE60A200CFDF55 /* d_kun@3x.png */,
				187AEAE81CAE60A200CFDF55 /* d_landelini@2x.png */,
				187AEAE91CAE60A200CFDF55 /* d_landelini@3x.png */,
			);
			path = sina_face;
			sourceTree = "<group>";
		};
		C06D59411CAFB905004C41EE /* CTTextDisplayView */ = {
			isa = PBXGroup;
			children = (
				C06D59421CAFB905004C41EE /* CTTextDisplayView.h */,
				C06D59431CAFB905004C41EE /* CTTextDisplayView.m */,
				C06D59441CAFB905004C41EE /* CTTextEmojiUtil.h */,
				C06D59451CAFB905004C41EE /* CTTextEmojiUtil.m */,
				C06D59461CAFB905004C41EE /* CTTextRun.h */,
				C06D59471CAFB905004C41EE /* CTTextRun.m */,
			);
			path = CTTextDisplayView;
			sourceTree = "<group>";
		};
/* End PBXGroup section */

/* Begin PBXNativeTarget section */
		187AE7611CACB81300CFDF55 /* CoreTextDemo01 */ = {
			isa = PBXNativeTarget;
			buildConfigurationList = 187AE7791CACB81300CFDF55 /* Build configuration list for PBXNativeTarget "CoreTextDemo01" */;
			buildPhases = (
				187AE75E1CACB81300CFDF55 /* Sources */,
				187AE75F1CACB81300CFDF55 /* Frameworks */,
				187AE7601CACB81300CFDF55 /* Resources */,
			);
			buildRules = (
			);
			dependencies = (
			);
			name = CoreTextDemo01;
			productName = CoreTextDemo01;
			productReference = 187AE7621CACB81300CFDF55 /* CoreTextDemo01.app */;
			productType = "com.apple.product-type.application";
		};
/* End PBXNativeTarget section */

/* Begin PBXProject section */
		187AE75A1CACB81300CFDF55 /* Project object */ = {
			isa = PBXProject;
			attributes = {
				LastUpgradeCheck = 0720;
				ORGANIZATIONNAME = LiYeBiao;
				TargetAttributes = {
					187AE7611CACB81300CFDF55 = {
						CreatedOnToolsVersion = 7.2;
					};
				};
			};
			buildConfigurationList = 187AE75D1CACB81300CFDF55 /* Build configuration list for PBXProject "CoreTextDemo01" */;
			compatibilityVersion = "Xcode 3.2";
			developmentRegion = English;
			hasScannedForEncodings = 0;
			knownRegions = (
				en,
				Base,
			);
			mainGroup = 187AE7591CACB81300CFDF55;
			productRefGroup = 187AE7631CACB81300CFDF55 /* Products */;
			projectDirPath = "";
			projectRoot = "";
			targets = (
				187AE7611CACB81300CFDF55 /* CoreTextDemo01 */,
			);
		};
/* End PBXProject section */

/* Begin PBXResourcesBuildPhase section */
		187AE7601CACB81300CFDF55 /* Resources */ = {
			isa = PBXResourcesBuildPhase;
			buildActionMask = 2147483647;
			files = (
				187AEAFA1CAE60A200CFDF55 /* d_dalian@2x.png in Resources */,
				187AEAF51CAE60A200CFDF55 /* d_chanzui@3x.png in Resources */,
				187AEAF41CAE60A200CFDF55 /* d_chanzui@2x.png in Resources */,
				187AEAFD1CAE60A200CFDF55 /* d_ganmao@3x.png in Resources */,
				187AEB121CAE60A200CFDF55 /* d_kelian@3x.png in Resources */,
				187AE78C1CACD9D300CFDF55 /* emoji.plist in Resources */,
				187AEB0D1CAE60A200CFDF55 /* d_jiyan@2x.png in Resources */,
				187AEAFB1CAE60A200CFDF55 /* d_dalian@3x.png in Resources */,
				187AEAF21CAE60A200CFDF55 /* d_bizui@2x.png in Resources */,
				187AEB181CAE60A200CFDF55 /* d_landelini@3x.png in Resources */,
				187AE7751CACB81300CFDF55 /* LaunchScreen.storyboard in Resources */,
				187AEB141CAE60A200CFDF55 /* d_ku@3x.png in Resources */,
				187AEB071CAE60A200CFDF55 /* d_heixian@2x.png in Resources */,
				187AEB061CAE60A200CFDF55 /* d_hehe@3x.png in Resources */,
				187AEB041CAE60A200CFDF55 /* d_han@3x.png in Resources */,
				187AEB0B1CAE60A200CFDF55 /* d_huaxin@2x.png in Resources */,
				187AE7721CACB81300CFDF55 /* Assets.xcassets in Resources */,
				187AEAF01CAE60A200CFDF55 /* d_bishi@2x.png in Resources */,
				187AEAED1CAE60A200CFDF55 /* d_baibai@3x.png in Resources */,
				187AEAF61CAE60A200CFDF55 /* d_chijing@2x.png in Resources */,
				187AEB081CAE60A200CFDF55 /* d_heixian@3x.png in Resources */,
				187AEAEB1CAE60A200CFDF55 /* d_aini@3x.png in Resources */,
				187AEB091CAE60A200CFDF55 /* d_heng@2x.png in Resources */,
				187AEB151CAE60A200CFDF55 /* d_kun@2x.png in Resources */,
				187AEB031CAE60A200CFDF55 /* d_han@2x.png in Resources */,
				187AEAEF1CAE60A200CFDF55 /* d_beishang@3x.png in Resources */,
				187AEB001CAE60A200CFDF55 /* d_haha@2x.png in Resources */,
				187AEB011CAE60A200CFDF55 /* d_haixiu@2x.png in Resources */,
				187AE7701CACB81300CFDF55 /* Main.storyboard in Resources */,
				187AEAF31CAE60A200CFDF55 /* d_bizui@3x.png in Resources */,
				187AEAEC1CAE60A200CFDF55 /* d_baibai@2x.png in Resources */,
				187AEB171CAE60A200CFDF55 /* d_landelini@2x.png in Resources */,
				187AEAF91CAE60A200CFDF55 /* d_dahaqi@3x.png in Resources */,
				187AEAEA1CAE60A200CFDF55 /* d_aini@2x.png in Resources */,
				187AEAFC1CAE60A200CFDF55 /* d_ganmao@2x.png in Resources */,
				187AEB161CAE60A200CFDF55 /* d_kun@3x.png in Resources */,
				187AEB0C1CAE60A200CFDF55 /* d_huaxin@3x.png in Resources */,
				187AEB021CAE60A200CFDF55 /* d_haixiu@3x.png in Resources */,
				187AEB051CAE60A200CFDF55 /* d_hehe@2x.png in Resources */,
				187AEB0A1CAE60A200CFDF55 /* d_heng@3x.png in Resources */,
				187AEAF81CAE60A200CFDF55 /* d_dahaqi@2x.png in Resources */,
				187AEAEE1CAE60A200CFDF55 /* d_beishang@2x.png in Resources */,
				187AEAFE1CAE60A200CFDF55 /* d_guzhang@2x.png in Resources */,
				187AEAFF1CAE60A200CFDF55 /* d_guzhang@3x.png in Resources */,
				187AEB131CAE60A200CFDF55 /* d_ku@2x.png in Resources */,
				187AEAF11CAE60A200CFDF55 /* d_bishi@3x.png in Resources */,
				187AEB0E1CAE60A200CFDF55 /* d_jiyan@3x.png in Resources */,
				187AEB111CAE60A200CFDF55 /* d_kelian@2x.png in Resources */,
				187AEB0F1CAE60A200CFDF55 /* d_keai@2x.png in Resources */,
				187AEB101CAE60A200CFDF55 /* d_keai@3x.png in Resources */,
				187AEAF71CAE60A200CFDF55 /* d_chijing@3x.png in Resources */,
			);
			runOnlyForDeploymentPostprocessing = 0;
		};
/* End PBXResourcesBuildPhase section */

/* Begin PBXSourcesBuildPhase section */
		187AE75E1CACB81300CFDF55 /* Sources */ = {
			isa = PBXSourcesBuildPhase;
			buildActionMask = 2147483647;
			files = (
				187AE76D1CACB81300CFDF55 /* ViewController.m in Sources */,
				187AE76A1CACB81300CFDF55 /* AppDelegate.m in Sources */,
				187AEB211CAE7D2200CFDF55 /* ShowTableViewViewController.m in Sources */,
				C06D59481CAFB905004C41EE /* CTTextDisplayView.m in Sources */,
				C06D59491CAFB905004C41EE /* CTTextEmojiUtil.m in Sources */,
				187AEB1E1CAE7D1400CFDF55 /* ShowViewController.m in Sources */,
				187AE7671CACB81300CFDF55 /* main.m in Sources */,
				C06D594A1CAFB905004C41EE /* CTTextRun.m in Sources */,
			);
			runOnlyForDeploymentPostprocessing = 0;
		};
/* End PBXSourcesBuildPhase section */

/* Begin PBXVariantGroup section */
		187AE76E1CACB81300CFDF55 /* Main.storyboard */ = {
			isa = PBXVariantGroup;
			children = (
				187AE76F1CACB81300CFDF55 /* Base */,
			);
			name = Main.storyboard;
			sourceTree = "<group>";
		};
		187AE7731CACB81300CFDF55 /* LaunchScreen.storyboard */ = {
			isa = PBXVariantGroup;
			children = (
				187AE7741CACB81300CFDF55 /* Base */,
			);
			name = LaunchScreen.storyboard;
			sourceTree = "<group>";
		};
/* End PBXVariantGroup section */

/* Begin XCBuildConfiguration section */
		187AE7771CACB81300CFDF55 /* Debug */ = {
			isa = XCBuildConfiguration;
			buildSettings = {
				ALWAYS_SEARCH_USER_PATHS = NO;
				CLANG_CXX_LANGUAGE_STANDARD = "gnu++0x";
				CLANG_CXX_LIBRARY = "libc++";
				CLANG_ENABLE_MODULES = YES;
				CLANG_ENABLE_OBJC_ARC = YES;
				CLANG_WARN_BOOL_CONVERSION = YES;
				CLANG_WARN_CONSTANT_CONVERSION = YES;
				CLANG_WARN_DIRECT_OBJC_ISA_USAGE = YES_ERROR;
				CLANG_WARN_EMPTY_BODY = YES;
				CLANG_WARN_ENUM_CONVERSION = YES;
				CLANG_WARN_INT_CONVERSION = YES;
				CLANG_WARN_OBJC_ROOT_CLASS = YES_ERROR;
				CLANG_WARN_UNREACHABLE_CODE = YES;
				CLANG_WARN__DUPLICATE_METHOD_MATCH = YES;
				"CODE_SIGN_IDENTITY[sdk=iphoneos*]" = "iPhone Developer";
				COPY_PHASE_STRIP = NO;
				DEBUG_INFORMATION_FORMAT = dwarf;
				ENABLE_STRICT_OBJC_MSGSEND = YES;
				ENABLE_TESTABILITY = YES;
				GCC_C_LANGUAGE_STANDARD = gnu99;
				GCC_DYNAMIC_NO_PIC = NO;
				GCC_NO_COMMON_BLOCKS = YES;
				GCC_OPTIMIZATION_LEVEL = 0;
				GCC_PREPROCESSOR_DEFINITIONS = (
					"DEBUG=1",
					"$(inherited)",
				);
				GCC_WARN_64_TO_32_BIT_CONVERSION = YES;
				GCC_WARN_ABOUT_RETURN_TYPE = YES_ERROR;
				GCC_WARN_UNDECLARED_SELECTOR = YES;
				GCC_WARN_UNINITIALIZED_AUTOS = YES_AGGRESSIVE;
				GCC_WARN_UNUSED_FUNCTION = YES;
				GCC_WARN_UNUSED_VARIABLE = YES;
				IPHONEOS_DEPLOYMENT_TARGET = 9.2;
				MTL_ENABLE_DEBUG_INFO = YES;
				ONLY_ACTIVE_ARCH = YES;
				SDKROOT = iphoneos;
			};
			name = Debug;
		};
		187AE7781CACB81300CFDF55 /* Release */ = {
			isa = XCBuildConfiguration;
			buildSettings = {
				ALWAYS_SEARCH_USER_PATHS = NO;
				CLANG_CXX_LANGUAGE_STANDARD = "gnu++0x";
				CLANG_CXX_LIBRARY = "libc++";
				CLANG_ENABLE_MODULES = YES;
				CLANG_ENABLE_OBJC_ARC = YES;
				CLANG_WARN_BOOL_CONVERSION = YES;
				CLANG_WARN_CONSTANT_CONVERSION = YES;
				CLANG_WARN_DIRECT_OBJC_ISA_USAGE = YES_ERROR;
				CLANG_WARN_EMPTY_BODY = YES;
				CLANG_WARN_ENUM_CONVERSION = YES;
				CLANG_WARN_INT_CONVERSION = YES;
				CLANG_WARN_OBJC_ROOT_CLASS = YES_ERROR;
				CLANG_WARN_UNREACHABLE_CODE = YES;
				CLANG_WARN__DUPLICATE_METHOD_MATCH = YES;
				"CODE_SIGN_IDENTITY[sdk=iphoneos*]" = "iPhone Developer";
				COPY_PHASE_STRIP = NO;
				DEBUG_INFORMATION_FORMAT = "dwarf-with-dsym";
				ENABLE_NS_ASSERTIONS = NO;
				ENABLE_STRICT_OBJC_MSGSEND = YES;
				GCC_C_LANGUAGE_STANDARD = gnu99;
				GCC_NO_COMMON_BLOCKS = YES;
				GCC_WARN_64_TO_32_BIT_CONVERSION = YES;
				GCC_WARN_ABOUT_RETURN_TYPE = YES_ERROR;
				GCC_WARN_UNDECLARED_SELECTOR = YES;
				GCC_WARN_UNINITIALIZED_AUTOS = YES_AGGRESSIVE;
				GCC_WARN_UNUSED_FUNCTION = YES;
				GCC_WARN_UNUSED_VARIABLE = YES;
				IPHONEOS_DEPLOYMENT_TARGET = 9.2;
				MTL_ENABLE_DEBUG_INFO = NO;
				SDKROOT = iphoneos;
				VALIDATE_PRODUCT = YES;
			};
			name = Release;
		};
		187AE77A1CACB81300CFDF55 /* Debug */ = {
			isa = XCBuildConfiguration;
			buildSettings = {
				ASSETCATALOG_COMPILER_APPICON_NAME = AppIcon;
				INFOPLIST_FILE = CoreTextDemo01/Info.plist;
				IPHONEOS_DEPLOYMENT_TARGET = 7.0;
				LD_RUNPATH_SEARCH_PATHS = "$(inherited) @executable_path/Frameworks";
				PRODUCT_BUNDLE_IDENTIFIER = com.etl.CoreTextDemo01;
				PRODUCT_NAME = "$(TARGET_NAME)";
			};
			name = Debug;
		};
		187AE77B1CACB81300CFDF55 /* Release */ = {
			isa = XCBuildConfiguration;
			buildSettings = {
				ASSETCATALOG_COMPILER_APPICON_NAME = AppIcon;
				INFOPLIST_FILE = CoreTextDemo01/Info.plist;
				IPHONEOS_DEPLOYMENT_TARGET = 7.0;
				LD_RUNPATH_SEARCH_PATHS = "$(inherited) @executable_path/Frameworks";
				PRODUCT_BUNDLE_IDENTIFIER = com.etl.CoreTextDemo01;
				PRODUCT_NAME = "$(TARGET_NAME)";
			};
			name = Release;
		};
/* End XCBuildConfiguration section */

/* Begin XCConfigurationList section */
		187AE75D1CACB81300CFDF55 /* Build configuration list for PBXProject "CoreTextDemo01" */ = {
			isa = XCConfigurationList;
			buildConfigurations = (
				187AE7771CACB81300CFDF55 /* Debug */,
				187AE7781CACB81300CFDF55 /* Release */,
			);
			defaultConfigurationIsVisible = 0;
			defaultConfigurationName = Release;
		};
		187AE7791CACB81300CFDF55 /* Build configuration list for PBXNativeTarget "CoreTextDemo01" */ = {
			isa = XCConfigurationList;
			buildConfigurations = (
				187AE77A1CACB81300CFDF55 /* Debug */,
				187AE77B1CACB81300CFDF55 /* Release */,
			);
			defaultConfigurationIsVisible = 0;
			defaultConfigurationName = Release;
		};
/* End XCConfigurationList section */
	};
	rootObject = 187AE75A1CACB81300CFDF55 /* Project object */;
}
